// !$*UTF8*$!
{
	archiveVersion = 1;
	classes = {
	};
	objectVersion = 55;
	objects = {

/* Begin PBXBuildFile section */
		9C01FB4827D14D7B001B1EF5 /* AppDelegate.swift in Sources */ = {isa = PBXBuildFile; fileRef = 9C01FB4727D14D7B001B1EF5 /* AppDelegate.swift */; };
		9C01FB4A27D14D7B001B1EF5 /* SceneDelegate.swift in Sources */ = {isa = PBXBuildFile; fileRef = 9C01FB4927D14D7B001B1EF5 /* SceneDelegate.swift */; };
		9C01FB4F27D14D7B001B1EF5 /* Main.storyboard in Resources */ = {isa = PBXBuildFile; fileRef = 9C01FB4D27D14D7B001B1EF5 /* Main.storyboard */; };
		9C01FB5227D14D7B001B1EF5 /* FinCal.xcdatamodeld in Sources */ = {isa = PBXBuildFile; fileRef = 9C01FB5027D14D7B001B1EF5 /* FinCal.xcdatamodeld */; };
		9C01FB5427D14D7B001B1EF5 /* Assets.xcassets in Resources */ = {isa = PBXBuildFile; fileRef = 9C01FB5327D14D7B001B1EF5 /* Assets.xcassets */; };
		9C01FB5727D14D7B001B1EF5 /* LaunchScreen.storyboard in Resources */ = {isa = PBXBuildFile; fileRef = 9C01FB5527D14D7B001B1EF5 /* LaunchScreen.storyboard */; };
		9C01FB6227D14D7C001B1EF5 /* FinCalTests.swift in Sources */ = {isa = PBXBuildFile; fileRef = 9C01FB6127D14D7C001B1EF5 /* FinCalTests.swift */; };
		9C01FB6C27D14D7C001B1EF5 /* FinCalUITests.swift in Sources */ = {isa = PBXBuildFile; fileRef = 9C01FB6B27D14D7C001B1EF5 /* FinCalUITests.swift */; };
		9C01FB6E27D14D7C001B1EF5 /* FinCalUITestsLaunchTests.swift in Sources */ = {isa = PBXBuildFile; fileRef = 9C01FB6D27D14D7C001B1EF5 /* FinCalUITestsLaunchTests.swift */; };
		9C2D379D27E72EA20005A6B1 /* SimpleSaving.swift in Sources */ = {isa = PBXBuildFile; fileRef = 9C2D379C27E72EA20005A6B1 /* SimpleSaving.swift */; };
		9C2D379F27E730C80005A6B1 /* CompoundSaving.swift in Sources */ = {isa = PBXBuildFile; fileRef = 9C2D379E27E730C80005A6B1 /* CompoundSaving.swift */; };
		9C2D37A127E731AE0005A6B1 /* Loan.swift in Sources */ = {isa = PBXBuildFile; fileRef = 9C2D37A027E731AE0005A6B1 /* Loan.swift */; };
		9C4B945127D9F1780004FE67 /* SimpleSavingsController.swift in Sources */ = {isa = PBXBuildFile; fileRef = 9C4B945027D9F1780004FE67 /* SimpleSavingsController.swift */; };
		9C4B945327D9F1B20004FE67 /* LoanController.swift in Sources */ = {isa = PBXBuildFile; fileRef = 9C4B945227D9F1B20004FE67 /* LoanController.swift */; };
		9C4B945527D9F2960004FE67 /* CompoundSavingsController.swift in Sources */ = {isa = PBXBuildFile; fileRef = 9C4B945427D9F2960004FE67 /* CompoundSavingsController.swift */; };
		9C4B945927DA12D40004FE67 /* HelpController.swift in Sources */ = {isa = PBXBuildFile; fileRef = 9C4B945827DA12D40004FE67 /* HelpController.swift */; };
		9C4B945D27DA3C130004FE67 /* DoubleExtension.swift in Sources */ = {isa = PBXBuildFile; fileRef = 9C4B945C27DA3C130004FE67 /* DoubleExtension.swift */; };
		9C4B947327DA4CE50004FE67 /* CustomKeyboard.swift in Sources */ = {isa = PBXBuildFile; fileRef = 9C4B947227DA4CE50004FE67 /* CustomKeyboard.swift */; };
		9C4B947827DA62B50004FE67 /* CustomKeyboard.xib in Resources */ = {isa = PBXBuildFile; fileRef = 9C4B947727DA62B50004FE67 /* CustomKeyboard.xib */; };
		9C4B947A27DA66D70004FE67 /* SimpleSavings.swift in Sources */ = {isa = PBXBuildFile; fileRef = 9C4B947927DA66D70004FE67 /* SimpleSavings.swift */; };
		9C72CC5A27FAAB7D006EFD5A /* GlobalConstants.swift in Sources */ = {isa = PBXBuildFile; fileRef = 9C72CC5927FAAB7D006EFD5A /* GlobalConstants.swift */; };
		9CB45AA427F4A6FD00F4E14F /* Loans.swift in Sources */ = {isa = PBXBuildFile; fileRef = 9CB45AA327F4A6FD00F4E14F /* Loans.swift */; };
		9CB8A20E27DC8FCF00110A84 /* CompoundSavings.swift in Sources */ = {isa = PBXBuildFile; fileRef = 9CB8A20D27DC8FCF00110A84 /* CompoundSavings.swift */; };
/* End PBXBuildFile section */

/* Begin PBXContainerItemProxy section */
		9C01FB5E27D14D7C001B1EF5 /* PBXContainerItemProxy */ = {
			isa = PBXContainerItemProxy;
			containerPortal = 9C01FB3C27D14D7B001B1EF5 /* Project object */;
			proxyType = 1;
			remoteGlobalIDString = 9C01FB4327D14D7B001B1EF5;
			remoteInfo = FinCal;
		};
		9C01FB6827D14D7C001B1EF5 /* PBXContainerItemProxy */ = {
			isa = PBXContainerItemProxy;
			containerPortal = 9C01FB3C27D14D7B001B1EF5 /* Project object */;
			proxyType = 1;
			remoteGlobalIDString = 9C01FB4327D14D7B001B1EF5;
			remoteInfo = FinCal;
		};
/* End PBXContainerItemProxy section */

/* Begin PBXFileReference section */
		9C01FB4427D14D7B001B1EF5 /* FinCal.app */ = {isa = PBXFileReference; explicitFileType = wrapper.application; includeInIndex = 0; path = FinCal.app; sourceTree = BUILT_PRODUCTS_DIR; };
		9C01FB4727D14D7B001B1EF5 /* AppDelegate.swift */ = {isa = PBXFileReference; lastKnownFileType = sourcecode.swift; path = AppDelegate.swift; sourceTree = "<group>"; };
		9C01FB4927D14D7B001B1EF5 /* SceneDelegate.swift */ = {isa = PBXFileReference; lastKnownFileType = sourcecode.swift; path = SceneDelegate.swift; sourceTree = "<group>"; };
		9C01FB4E27D14D7B001B1EF5 /* Base */ = {isa = PBXFileReference; lastKnownFileType = file.storyboard; name = Base; path = Base.lproj/Main.storyboard; sourceTree = "<group>"; };
		9C01FB5127D14D7B001B1EF5 /* FinCal.xcdatamodel */ = {isa = PBXFileReference; lastKnownFileType = wrapper.xcdatamodel; path = FinCal.xcdatamodel; sourceTree = "<group>"; };
		9C01FB5327D14D7B001B1EF5 /* Assets.xcassets */ = {isa = PBXFileReference; lastKnownFileType = folder.assetcatalog; path = Assets.xcassets; sourceTree = "<group>"; };
		9C01FB5627D14D7B001B1EF5 /* Base */ = {isa = PBXFileReference; lastKnownFileType = file.storyboard; name = Base; path = Base.lproj/LaunchScreen.storyboard; sourceTree = "<group>"; };
		9C01FB5827D14D7B001B1EF5 /* Info.plist */ = {isa = PBXFileReference; lastKnownFileType = text.plist.xml; path = Info.plist; sourceTree = "<group>"; };
		9C01FB5D27D14D7C001B1EF5 /* FinCalTests.xctest */ = {isa = PBXFileReference; explicitFileType = wrapper.cfbundle; includeInIndex = 0; path = FinCalTests.xctest; sourceTree = BUILT_PRODUCTS_DIR; };
		9C01FB6127D14D7C001B1EF5 /* FinCalTests.swift */ = {isa = PBXFileReference; lastKnownFileType = sourcecode.swift; path = FinCalTests.swift; sourceTree = "<group>"; };
		9C01FB6727D14D7C001B1EF5 /* FinCalUITests.xctest */ = {isa = PBXFileReference; explicitFileType = wrapper.cfbundle; includeInIndex = 0; path = FinCalUITests.xctest; sourceTree = BUILT_PRODUCTS_DIR; };
		9C01FB6B27D14D7C001B1EF5 /* FinCalUITests.swift */ = {isa = PBXFileReference; lastKnownFileType = sourcecode.swift; path = FinCalUITests.swift; sourceTree = "<group>"; };
		9C01FB6D27D14D7C001B1EF5 /* FinCalUITestsLaunchTests.swift */ = {isa = PBXFileReference; lastKnownFileType = sourcecode.swift; path = FinCalUITestsLaunchTests.swift; sourceTree = "<group>"; };
		9C2D379C27E72EA20005A6B1 /* SimpleSaving.swift */ = {isa = PBXFileReference; lastKnownFileType = sourcecode.swift; path = SimpleSaving.swift; sourceTree = "<group>"; };
		9C2D379E27E730C80005A6B1 /* CompoundSaving.swift */ = {isa = PBXFileReference; lastKnownFileType = sourcecode.swift; path = CompoundSaving.swift; sourceTree = "<group>"; };
		9C2D37A027E731AE0005A6B1 /* Loan.swift */ = {isa = PBXFileReference; lastKnownFileType = sourcecode.swift; path = Loan.swift; sourceTree = "<group>"; };
		9C4B945027D9F1780004FE67 /* SimpleSavingsController.swift */ = {isa = PBXFileReference; lastKnownFileType = sourcecode.swift; path = SimpleSavingsController.swift; sourceTree = "<group>"; };
		9C4B945227D9F1B20004FE67 /* LoanController.swift */ = {isa = PBXFileReference; lastKnownFileType = sourcecode.swift; path = LoanController.swift; sourceTree = "<group>"; };
		9C4B945427D9F2960004FE67 /* CompoundSavingsController.swift */ = {isa = PBXFileReference; lastKnownFileType = sourcecode.swift; path = CompoundSavingsController.swift; sourceTree = "<group>"; };
		9C4B945827DA12D40004FE67 /* HelpController.swift */ = {isa = PBXFileReference; lastKnownFileType = sourcecode.swift; path = HelpController.swift; sourceTree = "<group>"; };
		9C4B945C27DA3C130004FE67 /* DoubleExtension.swift */ = {isa = PBXFileReference; lastKnownFileType = sourcecode.swift; path = DoubleExtension.swift; sourceTree = "<group>"; };
		9C4B947227DA4CE50004FE67 /* CustomKeyboard.swift */ = {isa = PBXFileReference; lastKnownFileType = sourcecode.swift; path = CustomKeyboard.swift; sourceTree = "<group>"; };
		9C4B947727DA62B50004FE67 /* CustomKeyboard.xib */ = {isa = PBXFileReference; fileEncoding = 4; lastKnownFileType = file.xib; path = CustomKeyboard.xib; sourceTree = "<group>"; };
		9C4B947927DA66D70004FE67 /* SimpleSavings.swift */ = {isa = PBXFileReference; lastKnownFileType = sourcecode.swift; path = SimpleSavings.swift; sourceTree = "<group>"; };
		9C72CC5927FAAB7D006EFD5A /* GlobalConstants.swift */ = {isa = PBXFileReference; lastKnownFileType = sourcecode.swift; path = GlobalConstants.swift; sourceTree = "<group>"; };
		9CB45AA327F4A6FD00F4E14F /* Loans.swift */ = {isa = PBXFileReference; lastKnownFileType = sourcecode.swift; path = Loans.swift; sourceTree = "<group>"; };
		9CB8A20D27DC8FCF00110A84 /* CompoundSavings.swift */ = {isa = PBXFileReference; lastKnownFileType = sourcecode.swift; path = CompoundSavings.swift; sourceTree = "<group>"; };
/* End PBXFileReference section */

/* Begin PBXFrameworksBuildPhase section */
		9C01FB4127D14D7B001B1EF5 /* Frameworks */ = {
			isa = PBXFrameworksBuildPhase;
			buildActionMask = 2147483647;
			files = (
			);
			runOnlyForDeploymentPostprocessing = 0;
		};
		9C01FB5A27D14D7C001B1EF5 /* Frameworks */ = {
			isa = PBXFrameworksBuildPhase;
			buildActionMask = 2147483647;
			files = (
			);
			runOnlyForDeploymentPostprocessing = 0;
		};
		9C01FB6427D14D7C001B1EF5 /* Frameworks */ = {
			isa = PBXFrameworksBuildPhase;
			buildActionMask = 2147483647;
			files = (
			);
			runOnlyForDeploymentPostprocessing = 0;
		};
/* End PBXFrameworksBuildPhase section */

/* Begin PBXGroup section */
		9C01FB3B27D14D7B001B1EF5 = {
			isa = PBXGroup;
			children = (
				9C01FB4627D14D7B001B1EF5 /* FinCal */,
				9C01FB6027D14D7C001B1EF5 /* FinCalTests */,
				9C01FB6A27D14D7C001B1EF5 /* FinCalUITests */,
				9C01FB4527D14D7B001B1EF5 /* Products */,
			);
			sourceTree = "<group>";
		};
		9C01FB4527D14D7B001B1EF5 /* Products */ = {
			isa = PBXGroup;
			children = (
				9C01FB4427D14D7B001B1EF5 /* FinCal.app */,
				9C01FB5D27D14D7C001B1EF5 /* FinCalTests.xctest */,
				9C01FB6727D14D7C001B1EF5 /* FinCalUITests.xctest */,
			);
			name = Products;
			sourceTree = "<group>";
		};
		9C01FB4627D14D7B001B1EF5 /* FinCal */ = {
			isa = PBXGroup;
			children = (
				9C2D379B27E72E5B0005A6B1 /* Models */,
				9C4B945A27DA30BE0004FE67 /* Extensions */,
				9C4B944C27D85A4A0004FE67 /* Startup */,
				9C4B944B27D85A390004FE67 /* Controllers */,
				9C4B944D27D85A560004FE67 /* Views */,
				9C01FB5327D14D7B001B1EF5 /* Assets.xcassets */,
				9C01FB5827D14D7B001B1EF5 /* Info.plist */,
				9C01FB5027D14D7B001B1EF5 /* FinCal.xcdatamodeld */,
				9C72CC5927FAAB7D006EFD5A /* GlobalConstants.swift */,
			);
			path = FinCal;
			sourceTree = "<group>";
		};
		9C01FB6027D14D7C001B1EF5 /* FinCalTests */ = {
			isa = PBXGroup;
			children = (
				9C01FB6127D14D7C001B1EF5 /* FinCalTests.swift */,
			);
			path = FinCalTests;
			sourceTree = "<group>";
		};
		9C01FB6A27D14D7C001B1EF5 /* FinCalUITests */ = {
			isa = PBXGroup;
			children = (
				9C01FB6B27D14D7C001B1EF5 /* FinCalUITests.swift */,
				9C01FB6D27D14D7C001B1EF5 /* FinCalUITestsLaunchTests.swift */,
			);
			path = FinCalUITests;
			sourceTree = "<group>";
		};
		9C2D379B27E72E5B0005A6B1 /* Models */ = {
			isa = PBXGroup;
			children = (
				9C2D379C27E72EA20005A6B1 /* SimpleSaving.swift */,
				9C2D379E27E730C80005A6B1 /* CompoundSaving.swift */,
				9C2D37A027E731AE0005A6B1 /* Loan.swift */,
			);
			path = Models;
			sourceTree = "<group>";
		};
		9C4B944B27D85A390004FE67 /* Controllers */ = {
			isa = PBXGroup;
			children = (
				9C4B945027D9F1780004FE67 /* SimpleSavingsController.swift */,
				9C4B945227D9F1B20004FE67 /* LoanController.swift */,
				9C4B945427D9F2960004FE67 /* CompoundSavingsController.swift */,
				9C4B945827DA12D40004FE67 /* HelpController.swift */,
			);
			path = Controllers;
			sourceTree = "<group>";
		};
		9C4B944C27D85A4A0004FE67 /* Startup */ = {
			isa = PBXGroup;
			children = (
				9C01FB4727D14D7B001B1EF5 /* AppDelegate.swift */,
				9C01FB4927D14D7B001B1EF5 /* SceneDelegate.swift */,
			);
			path = Startup;
			sourceTree = "<group>";
		};
		9C4B944D27D85A560004FE67 /* Views */ = {
			isa = PBXGroup;
			children = (
				9C01FB4D27D14D7B001B1EF5 /* Main.storyboard */,
				9C01FB5527D14D7B001B1EF5 /* LaunchScreen.storyboard */,
				9C4B947427DA4CF50004FE67 /* CustomKeyboard */,
			);
			path = Views;
			sourceTree = "<group>";
		};
		9C4B945A27DA30BE0004FE67 /* Extensions */ = {
			isa = PBXGroup;
			children = (
				9C4B945B27DA33550004FE67 /* Calculations */,
			);
			path = Extensions;
			sourceTree = "<group>";
		};
		9C4B945B27DA33550004FE67 /* Calculations */ = {
			isa = PBXGroup;
			children = (
				9C4B945C27DA3C130004FE67 /* DoubleExtension.swift */,
				9C4B947927DA66D70004FE67 /* SimpleSavings.swift */,
				9CB8A20D27DC8FCF00110A84 /* CompoundSavings.swift */,
				9CB45AA327F4A6FD00F4E14F /* Loans.swift */,
			);
			path = Calculations;
			sourceTree = "<group>";
		};
		9C4B947427DA4CF50004FE67 /* CustomKeyboard */ = {
			isa = PBXGroup;
			children = (
				9C4B947727DA62B50004FE67 /* CustomKeyboard.xib */,
				9C4B947227DA4CE50004FE67 /* CustomKeyboard.swift */,
			);
			path = CustomKeyboard;
			sourceTree = "<group>";
		};
/* End PBXGroup section */

/* Begin PBXNativeTarget section */
		9C01FB4327D14D7B001B1EF5 /* FinCal */ = {
			isa = PBXNativeTarget;
			buildConfigurationList = 9C01FB7127D14D7C001B1EF5 /* Build configuration list for PBXNativeTarget "FinCal" */;
			buildPhases = (
				9C01FB4027D14D7B001B1EF5 /* Sources */,
				9C01FB4127D14D7B001B1EF5 /* Frameworks */,
				9C01FB4227D14D7B001B1EF5 /* Resources */,
			);
			buildRules = (
			);
			dependencies = (
			);
			name = FinCal;
			productName = FinCal;
			productReference = 9C01FB4427D14D7B001B1EF5 /* FinCal.app */;
			productType = "com.apple.product-type.application";
		};
		9C01FB5C27D14D7C001B1EF5 /* FinCalTests */ = {
			isa = PBXNativeTarget;
			buildConfigurationList = 9C01FB7427D14D7C001B1EF5 /* Build configuration list for PBXNativeTarget "FinCalTests" */;
			buildPhases = (
				9C01FB5927D14D7C001B1EF5 /* Sources */,
				9C01FB5A27D14D7C001B1EF5 /* Frameworks */,
				9C01FB5B27D14D7C001B1EF5 /* Resources */,
			);
			buildRules = (
			);
			dependencies = (
				9C01FB5F27D14D7C001B1EF5 /* PBXTargetDependency */,
			);
			name = FinCalTests;
			productName = FinCalTests;
			productReference = 9C01FB5D27D14D7C001B1EF5 /* FinCalTests.xctest */;
			productType = "com.apple.product-type.bundle.unit-test";
		};
		9C01FB6627D14D7C001B1EF5 /* FinCalUITests */ = {
			isa = PBXNativeTarget;
			buildConfigurationList = 9C01FB7727D14D7C001B1EF5 /* Build configuration list for PBXNativeTarget "FinCalUITests" */;
			buildPhases = (
				9C01FB6327D14D7C001B1EF5 /* Sources */,
				9C01FB6427D14D7C001B1EF5 /* Frameworks */,
				9C01FB6527D14D7C001B1EF5 /* Resources */,
			);
			buildRules = (
			);
			dependencies = (
				9C01FB6927D14D7C001B1EF5 /* PBXTargetDependency */,
			);
			name = FinCalUITests;
			productName = FinCalUITests;
			productReference = 9C01FB6727D14D7C001B1EF5 /* FinCalUITests.xctest */;
			productType = "com.apple.product-type.bundle.ui-testing";
		};
/* End PBXNativeTarget section */

/* Begin PBXProject section */
		9C01FB3C27D14D7B001B1EF5 /* Project object */ = {
			isa = PBXProject;
			attributes = {
				BuildIndependentTargetsInParallel = 1;
				LastSwiftUpdateCheck = 1320;
				LastUpgradeCheck = 1320;
				TargetAttributes = {
					9C01FB4327D14D7B001B1EF5 = {
						CreatedOnToolsVersion = 13.2.1;
					};
					9C01FB5C27D14D7C001B1EF5 = {
						CreatedOnToolsVersion = 13.2.1;
						TestTargetID = 9C01FB4327D14D7B001B1EF5;
					};
					9C01FB6627D14D7C001B1EF5 = {
						CreatedOnToolsVersion = 13.2.1;
						TestTargetID = 9C01FB4327D14D7B001B1EF5;
					};
				};
			};
			buildConfigurationList = 9C01FB3F27D14D7B001B1EF5 /* Build configuration list for PBXProject "FinCal" */;
			compatibilityVersion = "Xcode 13.0";
			developmentRegion = en;
			hasScannedForEncodings = 0;
			knownRegions = (
				en,
				Base,
			);
			mainGroup = 9C01FB3B27D14D7B001B1EF5;
			productRefGroup = 9C01FB4527D14D7B001B1EF5 /* Products */;
			projectDirPath = "";
			projectRoot = "";
			targets = (
				9C01FB4327D14D7B001B1EF5 /* FinCal */,
				9C01FB5C27D14D7C001B1EF5 /* FinCalTests */,
				9C01FB6627D14D7C001B1EF5 /* FinCalUITests */,
			);
		};
/* End PBXProject section */

/* Begin PBXResourcesBuildPhase section */
		9C01FB4227D14D7B001B1EF5 /* Resources */ = {
			isa = PBXResourcesBuildPhase;
			buildActionMask = 2147483647;
			files = (
				9C01FB5727D14D7B001B1EF5 /* LaunchScreen.storyboard in Resources */,
				9C01FB5427D14D7B001B1EF5 /* Assets.xcassets in Resources */,
				9C01FB4F27D14D7B001B1EF5 /* Main.storyboard in Resources */,
				9C4B947827DA62B50004FE67 /* CustomKeyboard.xib in Resources */,
			);
			runOnlyForDeploymentPostprocessing = 0;
		};
		9C01FB5B27D14D7C001B1EF5 /* Resources */ = {
			isa = PBXResourcesBuildPhase;
			buildActionMask = 2147483647;
			files = (
			);
			runOnlyForDeploymentPostprocessing = 0;
		};
		9C01FB6527D14D7C001B1EF5 /* Resources */ = {
			isa = PBXResourcesBuildPhase;
			buildActionMask = 2147483647;
			files = (
			);
			runOnlyForDeploymentPostprocessing = 0;
		};
/* End PBXResourcesBuildPhase section */

/* Begin PBXSourcesBuildPhase section */
		9C01FB4027D14D7B001B1EF5 /* Sources */ = {
			isa = PBXSourcesBuildPhase;
			buildActionMask = 2147483647;
			files = (
				9CB8A20E27DC8FCF00110A84 /* CompoundSavings.swift in Sources */,
				9C01FB5227D14D7B001B1EF5 /* FinCal.xcdatamodeld in Sources */,
				9C2D379F27E730C80005A6B1 /* CompoundSaving.swift in Sources */,
				9C2D37A127E731AE0005A6B1 /* Loan.swift in Sources */,
				9C4B947327DA4CE50004FE67 /* CustomKeyboard.swift in Sources */,
				9C2D379D27E72EA20005A6B1 /* SimpleSaving.swift in Sources */,
				9C4B945527D9F2960004FE67 /* CompoundSavingsController.swift in Sources */,
				9CB45AA427F4A6FD00F4E14F /* Loans.swift in Sources */,
				9C4B947A27DA66D70004FE67 /* SimpleSavings.swift in Sources */,
				9C4B945D27DA3C130004FE67 /* DoubleExtension.swift in Sources */,
				9C01FB4827D14D7B001B1EF5 /* AppDelegate.swift in Sources */,
				9C4B945127D9F1780004FE67 /* SimpleSavingsController.swift in Sources */,
				9C01FB4A27D14D7B001B1EF5 /* SceneDelegate.swift in Sources */,
				9C4B945927DA12D40004FE67 /* HelpController.swift in Sources */,
				9C72CC5A27FAAB7D006EFD5A /* GlobalConstants.swift in Sources */,
				9C4B945327D9F1B20004FE67 /* LoanController.swift in Sources */,
			);
			runOnlyForDeploymentPostprocessing = 0;
		};
		9C01FB5927D14D7C001B1EF5 /* Sources */ = {
			isa = PBXSourcesBuildPhase;
			buildActionMask = 2147483647;
			files = (
				9C01FB6227D14D7C001B1EF5 /* FinCalTests.swift in Sources */,
			);
			runOnlyForDeploymentPostprocessing = 0;
		};
		9C01FB6327D14D7C001B1EF5 /* Sources */ = {
			isa = PBXSourcesBuildPhase;
			buildActionMask = 2147483647;
			files = (
				9C01FB6C27D14D7C001B1EF5 /* FinCalUITests.swift in Sources */,
				9C01FB6E27D14D7C001B1EF5 /* FinCalUITestsLaunchTests.swift in Sources */,
			);
			runOnlyForDeploymentPostprocessing = 0;
		};
/* End PBXSourcesBuildPhase section */

/* Begin PBXTargetDependency section */
		9C01FB5F27D14D7C001B1EF5 /* PBXTargetDependency */ = {
			isa = PBXTargetDependency;
			target = 9C01FB4327D14D7B001B1EF5 /* FinCal */;
			targetProxy = 9C01FB5E27D14D7C001B1EF5 /* PBXContainerItemProxy */;
		};
		9C01FB6927D14D7C001B1EF5 /* PBXTargetDependency */ = {
			isa = PBXTargetDependency;
			target = 9C01FB4327D14D7B001B1EF5 /* FinCal */;
			targetProxy = 9C01FB6827D14D7C001B1EF5 /* PBXContainerItemProxy */;
		};
/* End PBXTargetDependency section */

/* Begin PBXVariantGroup section */
		9C01FB4D27D14D7B001B1EF5 /* Main.storyboard */ = {
			isa = PBXVariantGroup;
			children = (
				9C01FB4E27D14D7B001B1EF5 /* Base */,
			);
			name = Main.storyboard;
			sourceTree = "<group>";
		};
		9C01FB5527D14D7B001B1EF5 /* LaunchScreen.storyboard */ = {
			isa = PBXVariantGroup;
			children = (
				9C01FB5627D14D7B001B1EF5 /* Base */,
			);
			name = LaunchScreen.storyboard;
			sourceTree = "<group>";
		};
/* End PBXVariantGroup section */

/* Begin XCBuildConfiguration section */
		9C01FB6F27D14D7C001B1EF5 /* Debug */ = {
			isa = XCBuildConfiguration;
			buildSettings = {
				ALWAYS_SEARCH_USER_PATHS = NO;
				CLANG_ANALYZER_NONNULL = YES;
				CLANG_ANALYZER_NUMBER_OBJECT_CONVERSION = YES_AGGRESSIVE;
				CLANG_CXX_LANGUAGE_STANDARD = "gnu++17";
				CLANG_CXX_LIBRARY = "libc++";
				CLANG_ENABLE_MODULES = YES;
				CLANG_ENABLE_OBJC_ARC = YES;
				CLANG_ENABLE_OBJC_WEAK = YES;
				CLANG_WARN_BLOCK_CAPTURE_AUTORELEASING = YES;
				CLANG_WARN_BOOL_CONVERSION = YES;
				CLANG_WARN_COMMA = YES;
				CLANG_WARN_CONSTANT_CONVERSION = YES;
				CLANG_WARN_DEPRECATED_OBJC_IMPLEMENTATIONS = YES;
				CLANG_WARN_DIRECT_OBJC_ISA_USAGE = YES_ERROR;
				CLANG_WARN_DOCUMENTATION_COMMENTS = YES;
				CLANG_WARN_EMPTY_BODY = YES;
				CLANG_WARN_ENUM_CONVERSION = YES;
				CLANG_WARN_INFINITE_RECURSION = YES;
				CLANG_WARN_INT_CONVERSION = YES;
				CLANG_WARN_NON_LITERAL_NULL_CONVERSION = YES;
				CLANG_WARN_OBJC_IMPLICIT_RETAIN_SELF = YES;
				CLANG_WARN_OBJC_LITERAL_CONVERSION = YES;
				CLANG_WARN_OBJC_ROOT_CLASS = YES_ERROR;
				CLANG_WARN_QUOTED_INCLUDE_IN_FRAMEWORK_HEADER = YES;
				CLANG_WARN_RANGE_LOOP_ANALYSIS = YES;
				CLANG_WARN_STRICT_PROTOTYPES = YES;
				CLANG_WARN_SUSPICIOUS_MOVE = YES;
				CLANG_WARN_UNGUARDED_AVAILABILITY = YES_AGGRESSIVE;
				CLANG_WARN_UNREACHABLE_CODE = YES;
				CLANG_WARN__DUPLICATE_METHOD_MATCH = YES;
				COPY_PHASE_STRIP = NO;
				DEBUG_INFORMATION_FORMAT = dwarf;
				ENABLE_STRICT_OBJC_MSGSEND = YES;
				ENABLE_TESTABILITY = YES;
				GCC_C_LANGUAGE_STANDARD = gnu11;
				GCC_DYNAMIC_NO_PIC = NO;
				GCC_NO_COMMON_BLOCKS = YES;
				GCC_OPTIMIZATION_LEVEL = 0;
				GCC_PREPROCESSOR_DEFINITIONS = (
					"DEBUG=1",
					"$(inherited)",
				);
				GCC_WARN_64_TO_32_BIT_CONVERSION = YES;
				GCC_WARN_ABOUT_RETURN_TYPE = YES_ERROR;
				GCC_WARN_UNDECLARED_SELECTOR = YES;
				GCC_WARN_UNINITIALIZED_AUTOS = YES_AGGRESSIVE;
				GCC_WARN_UNUSED_FUNCTION = YES;
				GCC_WARN_UNUSED_VARIABLE = YES;
				IPHONEOS_DEPLOYMENT_TARGET = 15.2;
				MTL_ENABLE_DEBUG_INFO = INCLUDE_SOURCE;
				MTL_FAST_MATH = YES;
				ONLY_ACTIVE_ARCH = YES;
				SDKROOT = iphoneos;
				SWIFT_ACTIVE_COMPILATION_CONDITIONS = DEBUG;
				SWIFT_OPTIMIZATION_LEVEL = "-Onone";
			};
			name = Debug;
		};
		9C01FB7027D14D7C001B1EF5 /* Release */ = {
			isa = XCBuildConfiguration;
			buildSettings = {
				ALWAYS_SEARCH_USER_PATHS = NO;
				CLANG_ANALYZER_NONNULL = YES;
				CLANG_ANALYZER_NUMBER_OBJECT_CONVERSION = YES_AGGRESSIVE;
				CLANG_CXX_LANGUAGE_STANDARD = "gnu++17";
				CLANG_CXX_LIBRARY = "libc++";
				CLANG_ENABLE_MODULES = YES;
				CLANG_ENABLE_OBJC_ARC = YES;
				CLANG_ENABLE_OBJC_WEAK = YES;
				CLANG_WARN_BLOCK_CAPTURE_AUTORELEASING = YES;
				CLANG_WARN_BOOL_CONVERSION = YES;
				CLANG_WARN_COMMA = YES;
				CLANG_WARN_CONSTANT_CONVERSION = YES;
				CLANG_WARN_DEPRECATED_OBJC_IMPLEMENTATIONS = YES;
				CLANG_WARN_DIRECT_OBJC_ISA_USAGE = YES_ERROR;
				CLANG_WARN_DOCUMENTATION_COMMENTS = YES;
				CLANG_WARN_EMPTY_BODY = YES;
				CLANG_WARN_ENUM_CONVERSION = YES;
				CLANG_WARN_INFINITE_RECURSION = YES;
				CLANG_WARN_INT_CONVERSION = YES;
				CLANG_WARN_NON_LITERAL_NULL_CONVERSION = YES;
				CLANG_WARN_OBJC_IMPLICIT_RETAIN_SELF = YES;
				CLANG_WARN_OBJC_LITERAL_CONVERSION = YES;
				CLANG_WARN_OBJC_ROOT_CLASS = YES_ERROR;
				CLANG_WARN_QUOTED_INCLUDE_IN_FRAMEWORK_HEADER = YES;
				CLANG_WARN_RANGE_LOOP_ANALYSIS = YES;
				CLANG_WARN_STRICT_PROTOTYPES = YES;
				CLANG_WARN_SUSPICIOUS_MOVE = YES;
				CLANG_WARN_UNGUARDED_AVAILABILITY = YES_AGGRESSIVE;
				CLANG_WARN_UNREACHABLE_CODE = YES;
				CLANG_WARN__DUPLICATE_METHOD_MATCH = YES;
				COPY_PHASE_STRIP = NO;
				DEBUG_INFORMATION_FORMAT = "dwarf-with-dsym";
				ENABLE_NS_ASSERTIONS = NO;
				ENABLE_STRICT_OBJC_MSGSEND = YES;
				GCC_C_LANGUAGE_STANDARD = gnu11;
				GCC_NO_COMMON_BLOCKS = YES;
				GCC_WARN_64_TO_32_BIT_CONVERSION = YES;
				GCC_WARN_ABOUT_RETURN_TYPE = YES_ERROR;
				GCC_WARN_UNDECLARED_SELECTOR = YES;
				GCC_WARN_UNINITIALIZED_AUTOS = YES_AGGRESSIVE;
				GCC_WARN_UNUSED_FUNCTION = YES;
				GCC_WARN_UNUSED_VARIABLE = YES;
				IPHONEOS_DEPLOYMENT_TARGET = 15.2;
				MTL_ENABLE_DEBUG_INFO = NO;
				MTL_FAST_MATH = YES;
				SDKROOT = iphoneos;
				SWIFT_COMPILATION_MODE = wholemodule;
				SWIFT_OPTIMIZATION_LEVEL = "-O";
				VALIDATE_PRODUCT = YES;
			};
			name = Release;
		};
		9C01FB7227D14D7C001B1EF5 /* Debug */ = {
			isa = XCBuildConfiguration;
			buildSettings = {
				ASSETCATALOG_COMPILER_APPICON_NAME = AppIcon;
				ASSETCATALOG_COMPILER_GLOBAL_ACCENT_COLOR_NAME = AccentColor;
				CODE_SIGN_STYLE = Automatic;
				CURRENT_PROJECT_VERSION = 1;
				DEVELOPMENT_TEAM = TJXA4Y9997;
				GENERATE_INFOPLIST_FILE = YES;
				INFOPLIST_FILE = FinCal/Info.plist;
				INFOPLIST_KEY_UIApplicationSupportsIndirectInputEvents = YES;
				INFOPLIST_KEY_UILaunchStoryboardName = LaunchScreen;
				INFOPLIST_KEY_UIMainStoryboardFile = Main;
				INFOPLIST_KEY_UISupportedInterfaceOrientations_iPad = "UIInterfaceOrientationPortrait UIInterfaceOrientationPortraitUpsideDown UIInterfaceOrientationLandscapeLeft UIInterfaceOrientationLandscapeRight";
				INFOPLIST_KEY_UISupportedInterfaceOrientations_iPhone = "UIInterfaceOrientationPortrait UIInterfaceOrientationLandscapeLeft UIInterfaceOrientationLandscapeRight";
				LD_RUNPATH_SEARCH_PATHS = (
					"$(inherited)",
					"@executable_path/Frameworks",
				);
				MARKETING_VERSION = 1.0;
				PRODUCT_BUNDLE_IDENTIFIER = com.dinukapiyadigama.FinCal;
				PRODUCT_NAME = "$(TARGET_NAME)";
				SWIFT_EMIT_LOC_STRINGS = YES;
				SWIFT_VERSION = 5.0;
				TARGETED_DEVICE_FAMILY = "1,2";
			};
			name = Debug;
		};
		9C01FB7327D14D7C001B1EF5 /* Release */ = {
			isa = XCBuildConfiguration;
			buildSettings = {
				ASSETCATALOG_COMPILER_APPICON_NAME = AppIcon;
				ASSETCATALOG_COMPILER_GLOBAL_ACCENT_COLOR_NAME = AccentColor;
				CODE_SIGN_STYLE = Automatic;
				CURRENT_PROJECT_VERSION = 1;
				DEVELOPMENT_TEAM = TJXA4Y9997;
				GENERATE_INFOPLIST_FILE = YES;
				INFOPLIST_FILE = FinCal/Info.plist;
				INFOPLIST_KEY_UIApplicationSupportsIndirectInputEvents = YES;
				INFOPLIST_KEY_UILaunchStoryboardName = LaunchScreen;
				INFOPLIST_KEY_UIMainStoryboardFile = Main;
				INFOPLIST_KEY_UISupportedInterfaceOrientations_iPad = "UIInterfaceOrientationPortrait UIInterfaceOrientationPortraitUpsideDown UIInterfaceOrientationLandscapeLeft UIInterfaceOrientationLandscapeRight";
				INFOPLIST_KEY_UISupportedInterfaceOrientations_iPhone = "UIInterfaceOrientationPortrait UIInterfaceOrientationLandscapeLeft UIInterfaceOrientationLandscapeRight";
				LD_RUNPATH_SEARCH_PATHS = (
					"$(inherited)",
					"@executable_path/Frameworks",
				);
				MARKETING_VERSION = 1.0;
				PRODUCT_BUNDLE_IDENTIFIER = com.dinukapiyadigama.FinCal;
				PRODUCT_NAME = "$(TARGET_NAME)";
				SWIFT_EMIT_LOC_STRINGS = YES;
				SWIFT_VERSION = 5.0;
				TARGETED_DEVICE_FAMILY = "1,2";
			};
			name = Release;
		};
		9C01FB7527D14D7C001B1EF5 /* Debug */ = {
			isa = XCBuildConfiguration;
			buildSettings = {
				ALWAYS_EMBED_SWIFT_STANDARD_LIBRARIES = YES;
				BUNDLE_LOADER = "$(TEST_HOST)";
				CODE_SIGN_STYLE = Automatic;
				CURRENT_PROJECT_VERSION = 1;
				DEVELOPMENT_TEAM = TJXA4Y9997;
				GENERATE_INFOPLIST_FILE = YES;
				IPHONEOS_DEPLOYMENT_TARGET = 15.2;
				MARKETING_VERSION = 1.0;
				PRODUCT_BUNDLE_IDENTIFIER = com.dinukapiyadigama.FinCalTests;
				PRODUCT_NAME = "$(TARGET_NAME)";
				SWIFT_EMIT_LOC_STRINGS = NO;
				SWIFT_VERSION = 5.0;
				TARGETED_DEVICE_FAMILY = "1,2";
				TEST_HOST = "$(BUILT_PRODUCTS_DIR)/FinCal.app/FinCal";
			};
			name = Debug;
		};
		9C01FB7627D14D7C001B1EF5 /* Release */ = {
			isa = XCBuildConfiguration;
			buildSettings = {
				ALWAYS_EMBED_SWIFT_STANDARD_LIBRARIES = YES;
				BUNDLE_LOADER = "$(TEST_HOST)";
				CODE_SIGN_STYLE = Automatic;
				CURRENT_PROJECT_VERSION = 1;
				DEVELOPMENT_TEAM = TJXA4Y9997;
				GENERATE_INFOPLIST_FILE = YES;
				IPHONEOS_DEPLOYMENT_TARGET = 15.2;
				MARKETING_VERSION = 1.0;
				PRODUCT_BUNDLE_IDENTIFIER = com.dinukapiyadigama.FinCalTests;
				PRODUCT_NAME = "$(TARGET_NAME)";
				SWIFT_EMIT_LOC_STRINGS = NO;
				SWIFT_VERSION = 5.0;
				TARGETED_DEVICE_FAMILY = "1,2";
				TEST_HOST = "$(BUILT_PRODUCTS_DIR)/FinCal.app/FinCal";
			};
			name = Release;
		};
		9C01FB7827D14D7C001B1EF5 /* Debug */ = {
			isa = XCBuildConfiguration;
			buildSettings = {
				ALWAYS_EMBED_SWIFT_STANDARD_LIBRARIES = YES;
				CODE_SIGN_STYLE = Automatic;
				CURRENT_PROJECT_VERSION = 1;
				DEVELOPMENT_TEAM = TJXA4Y9997;
				GENERATE_INFOPLIST_FILE = YES;
				MARKETING_VERSION = 1.0;
				PRODUCT_BUNDLE_IDENTIFIER = com.dinukapiyadigama.FinCalUITests;
				PRODUCT_NAME = "$(TARGET_NAME)";
				SWIFT_EMIT_LOC_STRINGS = NO;
				SWIFT_VERSION = 5.0;
				TARGETED_DEVICE_FAMILY = "1,2";
				TEST_TARGET_NAME = FinCal;
			};
			name = Debug;
		};
		9C01FB7927D14D7C001B1EF5 /* Release */ = {
			isa = XCBuildConfiguration;
			buildSettings = {
				ALWAYS_EMBED_SWIFT_STANDARD_LIBRARIES = YES;
				CODE_SIGN_STYLE = Automatic;
				CURRENT_PROJECT_VERSION = 1;
				DEVELOPMENT_TEAM = TJXA4Y9997;
				GENERATE_INFOPLIST_FILE = YES;
				MARKETING_VERSION = 1.0;
				PRODUCT_BUNDLE_IDENTIFIER = com.dinukapiyadigama.FinCalUITests;
				PRODUCT_NAME = "$(TARGET_NAME)";
				SWIFT_EMIT_LOC_STRINGS = NO;
				SWIFT_VERSION = 5.0;
				TARGETED_DEVICE_FAMILY = "1,2";
				TEST_TARGET_NAME = FinCal;
			};
			name = Release;
		};
/* End XCBuildConfiguration section */

/* Begin XCConfigurationList section */
		9C01FB3F27D14D7B001B1EF5 /* Build configuration list for PBXProject "FinCal" */ = {
			isa = XCConfigurationList;
			buildConfigurations = (
				9C01FB6F27D14D7C001B1EF5 /* Debug */,
				9C01FB7027D14D7C001B1EF5 /* Release */,
			);
			defaultConfigurationIsVisible = 0;
			defaultConfigurationName = Release;
		};
		9C01FB7127D14D7C001B1EF5 /* Build configuration list for PBXNativeTarget "FinCal" */ = {
			isa = XCConfigurationList;
			buildConfigurations = (
				9C01FB7227D14D7C001B1EF5 /* Debug */,
				9C01FB7327D14D7C001B1EF5 /* Release */,
			);
			defaultConfigurationIsVisible = 0;
			defaultConfigurationName = Release;
		};
		9C01FB7427D14D7C001B1EF5 /* Build configuration list for PBXNativeTarget "FinCalTests" */ = {
			isa = XCConfigurationList;
			buildConfigurations = (
				9C01FB7527D14D7C001B1EF5 /* Debug */,
				9C01FB7627D14D7C001B1EF5 /* Release */,
			);
			defaultConfigurationIsVisible = 0;
			defaultConfigurationName = Release;
		};
		9C01FB7727D14D7C001B1EF5 /* Build configuration list for PBXNativeTarget "FinCalUITests" */ = {
			isa = XCConfigurationList;
			buildConfigurations = (
				9C01FB7827D14D7C001B1EF5 /* Debug */,
				9C01FB7927D14D7C001B1EF5 /* Release */,
			);
			defaultConfigurationIsVisible = 0;
			defaultConfigurationName = Release;
		};
/* End XCConfigurationList section */

/* Begin XCVersionGroup section */
		9C01FB5027D14D7B001B1EF5 /* FinCal.xcdatamodeld */ = {
			isa = XCVersionGroup;
			children = (
				9C01FB5127D14D7B001B1EF5 /* FinCal.xcdatamodel */,
			);
			currentVersion = 9C01FB5127D14D7B001B1EF5 /* FinCal.xcdatamodel */;
			path = FinCal.xcdatamodeld;
			sourceTree = "<group>";
			versionGroupType = wrapper.xcdatamodel;
		};
/* End XCVersionGroup section */
	};
	rootObject = 9C01FB3C27D14D7B001B1EF5 /* Project object */;
}
